
Microsoft Visual Studio Solution File, Format Version 12.00
# Visual Studio Version 17
VisualStudioVersion = 17.2.32630.192
MinimumVisualStudioVersion = 10.0.40219.1
Project("{9A19103F-16F7-4668-BE54-9A1E7A4F7556}") = "R5T.T0246.Construction", "R5T.T0246.Construction\R5T.T0246.Construction.csproj", "{3C7C4EB7-AC1C-478D-A7E2-1A1D2FF9D8CD}"
EndProject
Project("{9A19103F-16F7-4668-BE54-9A1E7A4F7556}") = "R5T.T0246", "R5T.T0246\R5T.T0246.csproj", "{CE4D6007-59DD-4AE8-B329-53CFCB18331F}"
EndProject
Global
	GlobalSection(SolutionConfigurationPlatforms) = preSolution
		Debug|Any CPU = Debug|Any CPU
		Release|Any CPU = Release|Any CPU
	EndGlobalSection
	GlobalSection(ProjectConfigurationPlatforms) = postSolution
		{3C7C4EB7-AC1C-478D-A7E2-1A1D2FF9D8CD}.Debug|Any CPU.ActiveCfg = Debug|Any CPU
		{3C7C4EB7-AC1C-478D-A7E2-1A1D2FF9D8CD}.Debug|Any CPU.Build.0 = Debug|Any CPU
		{3C7C4EB7-AC1C-478D-A7E2-1A1D2FF9D8CD}.Release|Any CPU.ActiveCfg = Release|Any CPU
		{3C7C4EB7-AC1C-478D-A7E2-1A1D2FF9D8CD}.Release|Any CPU.Build.0 = Release|Any CPU
		{CE4D6007-59DD-4AE8-B329-53CFCB18331F}.Debug|Any CPU.ActiveCfg = Debug|Any CPU
		{CE4D6007-59DD-4AE8-B329-53CFCB18331F}.Debug|Any CPU.Build.0 = Debug|Any CPU
		{CE4D6007-59DD-4AE8-B329-53CFCB18331F}.Release|Any CPU.ActiveCfg = Release|Any CPU
		{CE4D6007-59DD-4AE8-B329-53CFCB18331F}.Release|Any CPU.Build.0 = Release|Any CPU
	EndGlobalSection
	GlobalSection(SolutionProperties) = preSolution
		HideSolutionNode = FALSE
	EndGlobalSection
	GlobalSection(ExtensibilityGlobals) = postSolution
		SolutionGuid = {E1D55E64-0346-44CE-866B-C61ED54D65F9}
	EndGlobalSection
EndGlobal
